
Microsoft Visual Studio Solution File, Format Version 12.00
# Visual Studio 15
VisualStudioVersion = 15.0.26430.6
MinimumVisualStudioVersion = 10.0.40219.1
Project("{2150E333-8FDC-42A3-9474-1A3956D46DE8}") = "Solution Items", "Solution Items", "{B50F7E32-39AE-4050-9334-9C299CBD4FC2}"
EndProject
Project("{FAE04EC0-301F-11D3-BF4B-00C04F79EFBC}") = "Etk.Tests.Templates.ExcelDna1", "Tests\Etk.Tests.Templates.ExcelDna1\Etk.Tests.Templates.ExcelDna1.csproj", "{E1C41049-C580-40C8-8D8E-DA93C2923D1B}"
EndProject
Project("{FAE04EC0-301F-11D3-BF4B-00C04F79EFBC}") = "Etk.Tests.Data", "Tests\Etk.Tests.Data\Etk.Tests.Data.csproj", "{9C0F98F3-1C09-4B52-B5E4-0907A45C82A8}"
EndProject
Project("{FAE04EC0-301F-11D3-BF4B-00C04F79EFBC}") = "Etk.Excel", "Etk.Excel\Etk.Excel.csproj", "{14413CBB-3028-462C-958D-16E96575A06F}"
EndProject
Project("{FAE04EC0-301F-11D3-BF4B-00C04F79EFBC}") = "Etk", "Etk\Etk.csproj", "{10188A0E-231D-42DA-952E-A260402B3EA4}"
EndProject
Global
	GlobalSection(SolutionConfigurationPlatforms) = preSolution
		Debug|Any CPU = Debug|Any CPU
		Release|Any CPU = Release|Any CPU
	EndGlobalSection
	GlobalSection(ProjectConfigurationPlatforms) = postSolution
		{E1C41049-C580-40C8-8D8E-DA93C2923D1B}.Debug|Any CPU.ActiveCfg = Debug|Any CPU
		{E1C41049-C580-40C8-8D8E-DA93C2923D1B}.Debug|Any CPU.Build.0 = Debug|Any CPU
		{E1C41049-C580-40C8-8D8E-DA93C2923D1B}.Release|Any CPU.ActiveCfg = Release|Any CPU
		{E1C41049-C580-40C8-8D8E-DA93C2923D1B}.Release|Any CPU.Build.0 = Release|Any CPU
		{9C0F98F3-1C09-4B52-B5E4-0907A45C82A8}.Debug|Any CPU.ActiveCfg = Debug|Any CPU
		{9C0F98F3-1C09-4B52-B5E4-0907A45C82A8}.Debug|Any CPU.Build.0 = Debug|Any CPU
		{9C0F98F3-1C09-4B52-B5E4-0907A45C82A8}.Release|Any CPU.ActiveCfg = Release|Any CPU
		{9C0F98F3-1C09-4B52-B5E4-0907A45C82A8}.Release|Any CPU.Build.0 = Release|Any CPU
		{14413CBB-3028-462C-958D-16E96575A06F}.Debug|Any CPU.ActiveCfg = Debug|Any CPU
		{14413CBB-3028-462C-958D-16E96575A06F}.Debug|Any CPU.Build.0 = Debug|Any CPU
		{14413CBB-3028-462C-958D-16E96575A06F}.Release|Any CPU.ActiveCfg = Release|Any CPU
		{14413CBB-3028-462C-958D-16E96575A06F}.Release|Any CPU.Build.0 = Release|Any CPU
		{10188A0E-231D-42DA-952E-A260402B3EA4}.Debug|Any CPU.ActiveCfg = Debug|Any CPU
		{10188A0E-231D-42DA-952E-A260402B3EA4}.Debug|Any CPU.Build.0 = Debug|Any CPU
		{10188A0E-231D-42DA-952E-A260402B3EA4}.Release|Any CPU.ActiveCfg = Release|Any CPU
		{10188A0E-231D-42DA-952E-A260402B3EA4}.Release|Any CPU.Build.0 = Release|Any CPU
	EndGlobalSection
	GlobalSection(SolutionProperties) = preSolution
		HideSolutionNode = FALSE
	EndGlobalSection
EndGlobal
